// !$*UTF8*$!
{
	archiveVersion = 1;
	classes = {
	};
	objectVersion = 55;
	objects = {

/* Begin PBXBuildFile section */
		FA1725E22844FBEA00538BB7 /* BreathingSessionCoordinator.swift in Sources */ = {isa = PBXBuildFile; fileRef = FA1725E12844FBEA00538BB7 /* BreathingSessionCoordinator.swift */; };
		FA1725E52844FD7F00538BB7 /* BreathingSessionGetReadyView.swift in Sources */ = {isa = PBXBuildFile; fileRef = FA1725E42844FD7F00538BB7 /* BreathingSessionGetReadyView.swift */; };
		FA1725E72844FDFF00538BB7 /* BreathingSessionGetReadyViewModel.swift in Sources */ = {isa = PBXBuildFile; fileRef = FA1725E62844FDFF00538BB7 /* BreathingSessionGetReadyViewModel.swift */; };
		FA1725E92844FF8900538BB7 /* View+Extensions.swift in Sources */ = {isa = PBXBuildFile; fileRef = FA1725E82844FF8900538BB7 /* View+Extensions.swift */; };
		FA1725EC284508BA00538BB7 /* BreathingSessionViewController.swift in Sources */ = {isa = PBXBuildFile; fileRef = FA1725EB284508BA00538BB7 /* BreathingSessionViewController.swift */; };
		FA1725EE284508C300538BB7 /* BreathingSessionViewModel.swift in Sources */ = {isa = PBXBuildFile; fileRef = FA1725ED284508C300538BB7 /* BreathingSessionViewModel.swift */; };
		FA1725F028450A4200538BB7 /* Queue.swift in Sources */ = {isa = PBXBuildFile; fileRef = FA1725EF28450A4200538BB7 /* Queue.swift */; };
		FA3F7057283FCFBB00CFD7E2 /* Assets.xcassets in Resources */ = {isa = PBXBuildFile; fileRef = FA3F7056283FCFBB00CFD7E2 /* Assets.xcassets */; };
		FA3F705A283FCFBB00CFD7E2 /* LaunchScreen.storyboard in Resources */ = {isa = PBXBuildFile; fileRef = FA3F7058283FCFBB00CFD7E2 /* LaunchScreen.storyboard */; };
		FA3F706E283FCFF500CFD7E2 /* RootCoordinator+Extensions.swift in Sources */ = {isa = PBXBuildFile; fileRef = FA3F7062283FCFF500CFD7E2 /* RootCoordinator+Extensions.swift */; };
		FA3F706F283FCFF500CFD7E2 /* RootCoordinator.swift in Sources */ = {isa = PBXBuildFile; fileRef = FA3F7063283FCFF500CFD7E2 /* RootCoordinator.swift */; };
		FA3F7070283FCFF500CFD7E2 /* Coordinator.swift in Sources */ = {isa = PBXBuildFile; fileRef = FA3F7064283FCFF500CFD7E2 /* Coordinator.swift */; };
		FA3F7071283FCFF500CFD7E2 /* AppDelegate.swift in Sources */ = {isa = PBXBuildFile; fileRef = FA3F7065283FCFF500CFD7E2 /* AppDelegate.swift */; };
		FA3F7072283FCFF500CFD7E2 /* SceneDelegate.swift in Sources */ = {isa = PBXBuildFile; fileRef = FA3F7066283FCFF500CFD7E2 /* SceneDelegate.swift */; };
		FA3F7073283FCFF500CFD7E2 /* MainCoordinator.swift in Sources */ = {isa = PBXBuildFile; fileRef = FA3F7069283FCFF500CFD7E2 /* MainCoordinator.swift */; };
		FA3F7074283FCFF500CFD7E2 /* BreathingExercisesListViewModel.swift in Sources */ = {isa = PBXBuildFile; fileRef = FA3F706B283FCFF500CFD7E2 /* BreathingExercisesListViewModel.swift */; };
		FA3F7075283FCFF500CFD7E2 /* BreathingExercisesListViewController.swift in Sources */ = {isa = PBXBuildFile; fileRef = FA3F706C283FCFF500CFD7E2 /* BreathingExercisesListViewController.swift */; };
		FA40C44428453C2200E2F3E8 /* NavigationControllerFadeAnimator.swift in Sources */ = {isa = PBXBuildFile; fileRef = FA40C44328453C2200E2F3E8 /* NavigationControllerFadeAnimator.swift */; };
		FA48CFBF284514F50038AACA /* BreathingSessionHapticEngine.swift in Sources */ = {isa = PBXBuildFile; fileRef = FA48CFBE284514F50038AACA /* BreathingSessionHapticEngine.swift */; };
		FA48CFC2284518C40038AACA /* BreathingAnimationStateView.swift in Sources */ = {isa = PBXBuildFile; fileRef = FA48CFC1284518C40038AACA /* BreathingAnimationStateView.swift */; };
		FA48CFC4284518CC0038AACA /* BreathingSessionDurationView.swift in Sources */ = {isa = PBXBuildFile; fileRef = FA48CFC3284518CC0038AACA /* BreathingSessionDurationView.swift */; };
		FA7D8DB12842393A00C1CD0A /* Font.swift in Sources */ = {isa = PBXBuildFile; fileRef = FA7D8DB02842393A00C1CD0A /* Font.swift */; };
		FA8DC827284537F200FCA6BD /* BaseViewController.swift in Sources */ = {isa = PBXBuildFile; fileRef = FA8DC826284537F200FCA6BD /* BaseViewController.swift */; };
		FABE36552844BD27002A24D6 /* BreathingExerciseInfo.swift in Sources */ = {isa = PBXBuildFile; fileRef = FABE36542844BD27002A24D6 /* BreathingExerciseInfo.swift */; };
		FABE365F2844C71E002A24D6 /* Strings+Generated.swift in Sources */ = {isa = PBXBuildFile; fileRef = FABE365E2844C71E002A24D6 /* Strings+Generated.swift */; };
		FABE36612844C724002A24D6 /* Assets+Generated.swift in Sources */ = {isa = PBXBuildFile; fileRef = FABE36602844C724002A24D6 /* Assets+Generated.swift */; };
		FABE36642844C7C8002A24D6 /* Localizable.strings in Resources */ = {isa = PBXBuildFile; fileRef = FABE36662844C7C8002A24D6 /* Localizable.strings */; };
		FABE366A2844CA54002A24D6 /* UITableView+Reusable.swift in Sources */ = {isa = PBXBuildFile; fileRef = FABE36692844CA54002A24D6 /* UITableView+Reusable.swift */; };
		FABE366D2844CADC002A24D6 /* Reusable.swift in Sources */ = {isa = PBXBuildFile; fileRef = FABE366C2844CADC002A24D6 /* Reusable.swift */; };
		FABE36702844CCF4002A24D6 /* BreathingExercisesListTableViewCell.swift in Sources */ = {isa = PBXBuildFile; fileRef = FABE366F2844CCF4002A24D6 /* BreathingExercisesListTableViewCell.swift */; };
		FABE36722844CD40002A24D6 /* BreathingExercisesListCellViewModel.swift in Sources */ = {isa = PBXBuildFile; fileRef = FABE36712844CD40002A24D6 /* BreathingExercisesListCellViewModel.swift */; };
		FABE36762844CF9F002A24D6 /* Constants.swift in Sources */ = {isa = PBXBuildFile; fileRef = FABE36752844CF9F002A24D6 /* Constants.swift */; };
		FABE36782844D00F002A24D6 /* SnapKit+Extensions.swift in Sources */ = {isa = PBXBuildFile; fileRef = FABE36772844D00F002A24D6 /* SnapKit+Extensions.swift */; };
		FABE367A2844D74E002A24D6 /* TimeInterval+Extensions.swift in Sources */ = {isa = PBXBuildFile; fileRef = FABE36792844D74E002A24D6 /* TimeInterval+Extensions.swift */; };
		FABE367C2844D843002A24D6 /* SelectionAnimated.swift in Sources */ = {isa = PBXBuildFile; fileRef = FABE367B2844D843002A24D6 /* SelectionAnimated.swift */; };
		FABE367F2844EDDF002A24D6 /* GreetingTableViewCell.swift in Sources */ = {isa = PBXBuildFile; fileRef = FABE367E2844EDDF002A24D6 /* GreetingTableViewCell.swift */; };
		FABE36812844EE0D002A24D6 /* GreetingCellViewModel.swift in Sources */ = {isa = PBXBuildFile; fileRef = FABE36802844EE0D002A24D6 /* GreetingCellViewModel.swift */; };
		FABE36842844F34F002A24D6 /* ComingSoonTableViewCell.swift in Sources */ = {isa = PBXBuildFile; fileRef = FABE36832844F34F002A24D6 /* ComingSoonTableViewCell.swift */; };
		FABE36862844F4AE002A24D6 /* ComingSoonCellViewModel.swift in Sources */ = {isa = PBXBuildFile; fileRef = FABE36852844F4AE002A24D6 /* ComingSoonCellViewModel.swift */; };
		FAC10E59283FFB52000919D9 /* Colors.xcassets in Resources */ = {isa = PBXBuildFile; fileRef = FAC10E58283FFB52000919D9 /* Colors.xcassets */; };
		FAC10E5B283FFC2E000919D9 /* Colors.swift in Sources */ = {isa = PBXBuildFile; fileRef = FAC10E5A283FFC2E000919D9 /* Colors.swift */; };
		FAC10E63283FFDA3000919D9 /* Inter-Medium.ttf in Resources */ = {isa = PBXBuildFile; fileRef = FAC10E5F283FFDA3000919D9 /* Inter-Medium.ttf */; };
		FAC10E64283FFDA3000919D9 /* Inter-SemiBold.ttf in Resources */ = {isa = PBXBuildFile; fileRef = FAC10E60283FFDA3000919D9 /* Inter-SemiBold.ttf */; };
		FAC10E65283FFDA3000919D9 /* Inter-Bold.ttf in Resources */ = {isa = PBXBuildFile; fileRef = FAC10E61283FFDA3000919D9 /* Inter-Bold.ttf */; };
		FAC10E66283FFDA3000919D9 /* Inter-Regular.ttf in Resources */ = {isa = PBXBuildFile; fileRef = FAC10E62283FFDA3000919D9 /* Inter-Regular.ttf */; };
		FAC10E6A283FFFB2000919D9 /* SnapKit in Frameworks */ = {isa = PBXBuildFile; productRef = FAC10E69283FFFB2000919D9 /* SnapKit */; };
/* End PBXBuildFile section */

/* Begin PBXFileReference section */
		FA1725E12844FBEA00538BB7 /* BreathingSessionCoordinator.swift */ = {isa = PBXFileReference; lastKnownFileType = sourcecode.swift; path = BreathingSessionCoordinator.swift; sourceTree = "<group>"; };
		FA1725E42844FD7F00538BB7 /* BreathingSessionGetReadyView.swift */ = {isa = PBXFileReference; lastKnownFileType = sourcecode.swift; path = BreathingSessionGetReadyView.swift; sourceTree = "<group>"; };
		FA1725E62844FDFF00538BB7 /* BreathingSessionGetReadyViewModel.swift */ = {isa = PBXFileReference; lastKnownFileType = sourcecode.swift; path = BreathingSessionGetReadyViewModel.swift; sourceTree = "<group>"; };
		FA1725E82844FF8900538BB7 /* View+Extensions.swift */ = {isa = PBXFileReference; lastKnownFileType = sourcecode.swift; path = "View+Extensions.swift"; sourceTree = "<group>"; };
		FA1725EB284508BA00538BB7 /* BreathingSessionViewController.swift */ = {isa = PBXFileReference; lastKnownFileType = sourcecode.swift; path = BreathingSessionViewController.swift; sourceTree = "<group>"; };
		FA1725ED284508C300538BB7 /* BreathingSessionViewModel.swift */ = {isa = PBXFileReference; lastKnownFileType = sourcecode.swift; path = BreathingSessionViewModel.swift; sourceTree = "<group>"; };
		FA1725EF28450A4200538BB7 /* Queue.swift */ = {isa = PBXFileReference; lastKnownFileType = sourcecode.swift; path = Queue.swift; sourceTree = "<group>"; };
		FA3F704A283FCFBA00CFD7E2 /* Breathy.app */ = {isa = PBXFileReference; explicitFileType = wrapper.application; includeInIndex = 0; path = Breathy.app; sourceTree = BUILT_PRODUCTS_DIR; };
		FA3F7056283FCFBB00CFD7E2 /* Assets.xcassets */ = {isa = PBXFileReference; lastKnownFileType = folder.assetcatalog; path = Assets.xcassets; sourceTree = "<group>"; };
		FA3F7059283FCFBB00CFD7E2 /* Base */ = {isa = PBXFileReference; lastKnownFileType = file.storyboard; name = Base; path = Base.lproj/LaunchScreen.storyboard; sourceTree = "<group>"; };
		FA3F705B283FCFBB00CFD7E2 /* Info.plist */ = {isa = PBXFileReference; lastKnownFileType = text.plist.xml; path = Info.plist; sourceTree = "<group>"; };
		FA3F7062283FCFF500CFD7E2 /* RootCoordinator+Extensions.swift */ = {isa = PBXFileReference; fileEncoding = 4; lastKnownFileType = sourcecode.swift; path = "RootCoordinator+Extensions.swift"; sourceTree = "<group>"; };
		FA3F7063283FCFF500CFD7E2 /* RootCoordinator.swift */ = {isa = PBXFileReference; fileEncoding = 4; lastKnownFileType = sourcecode.swift; path = RootCoordinator.swift; sourceTree = "<group>"; };
		FA3F7064283FCFF500CFD7E2 /* Coordinator.swift */ = {isa = PBXFileReference; fileEncoding = 4; lastKnownFileType = sourcecode.swift; path = Coordinator.swift; sourceTree = "<group>"; };
		FA3F7065283FCFF500CFD7E2 /* AppDelegate.swift */ = {isa = PBXFileReference; fileEncoding = 4; lastKnownFileType = sourcecode.swift; path = AppDelegate.swift; sourceTree = "<group>"; };
		FA3F7066283FCFF500CFD7E2 /* SceneDelegate.swift */ = {isa = PBXFileReference; fileEncoding = 4; lastKnownFileType = sourcecode.swift; path = SceneDelegate.swift; sourceTree = "<group>"; };
		FA3F7069283FCFF500CFD7E2 /* MainCoordinator.swift */ = {isa = PBXFileReference; fileEncoding = 4; lastKnownFileType = sourcecode.swift; path = MainCoordinator.swift; sourceTree = "<group>"; };
		FA3F706B283FCFF500CFD7E2 /* BreathingExercisesListViewModel.swift */ = {isa = PBXFileReference; fileEncoding = 4; lastKnownFileType = sourcecode.swift; path = BreathingExercisesListViewModel.swift; sourceTree = "<group>"; };
		FA3F706C283FCFF500CFD7E2 /* BreathingExercisesListViewController.swift */ = {isa = PBXFileReference; fileEncoding = 4; lastKnownFileType = sourcecode.swift; path = BreathingExercisesListViewController.swift; sourceTree = "<group>"; };
		FA40C44328453C2200E2F3E8 /* NavigationControllerFadeAnimator.swift */ = {isa = PBXFileReference; lastKnownFileType = sourcecode.swift; path = NavigationControllerFadeAnimator.swift; sourceTree = "<group>"; };
		FA48CFBE284514F50038AACA /* BreathingSessionHapticEngine.swift */ = {isa = PBXFileReference; lastKnownFileType = sourcecode.swift; path = BreathingSessionHapticEngine.swift; sourceTree = "<group>"; };
		FA48CFC1284518C40038AACA /* BreathingAnimationStateView.swift */ = {isa = PBXFileReference; lastKnownFileType = sourcecode.swift; path = BreathingAnimationStateView.swift; sourceTree = "<group>"; };
		FA48CFC3284518CC0038AACA /* BreathingSessionDurationView.swift */ = {isa = PBXFileReference; lastKnownFileType = sourcecode.swift; path = BreathingSessionDurationView.swift; sourceTree = "<group>"; };
		FA7D8DB02842393A00C1CD0A /* Font.swift */ = {isa = PBXFileReference; lastKnownFileType = sourcecode.swift; path = Font.swift; sourceTree = "<group>"; };
		FA8DC826284537F200FCA6BD /* BaseViewController.swift */ = {isa = PBXFileReference; lastKnownFileType = sourcecode.swift; path = BaseViewController.swift; sourceTree = "<group>"; };
		FABE36542844BD27002A24D6 /* BreathingExerciseInfo.swift */ = {isa = PBXFileReference; lastKnownFileType = sourcecode.swift; path = BreathingExerciseInfo.swift; sourceTree = "<group>"; };
		FABE365E2844C71E002A24D6 /* Strings+Generated.swift */ = {isa = PBXFileReference; lastKnownFileType = sourcecode.swift; path = "Strings+Generated.swift"; sourceTree = "<group>"; };
		FABE36602844C724002A24D6 /* Assets+Generated.swift */ = {isa = PBXFileReference; lastKnownFileType = sourcecode.swift; path = "Assets+Generated.swift"; sourceTree = "<group>"; };
		FABE36652844C7C8002A24D6 /* en */ = {isa = PBXFileReference; lastKnownFileType = text.plist.strings; name = en; path = en.lproj/Localizable.strings; sourceTree = "<group>"; };
		FABE36692844CA54002A24D6 /* UITableView+Reusable.swift */ = {isa = PBXFileReference; lastKnownFileType = sourcecode.swift; path = "UITableView+Reusable.swift"; sourceTree = "<group>"; };
		FABE366C2844CADC002A24D6 /* Reusable.swift */ = {isa = PBXFileReference; lastKnownFileType = sourcecode.swift; path = Reusable.swift; sourceTree = "<group>"; };
		FABE366F2844CCF4002A24D6 /* BreathingExercisesListTableViewCell.swift */ = {isa = PBXFileReference; lastKnownFileType = sourcecode.swift; path = BreathingExercisesListTableViewCell.swift; sourceTree = "<group>"; };
		FABE36712844CD40002A24D6 /* BreathingExercisesListCellViewModel.swift */ = {isa = PBXFileReference; lastKnownFileType = sourcecode.swift; path = BreathingExercisesListCellViewModel.swift; sourceTree = "<group>"; };
		FABE36752844CF9F002A24D6 /* Constants.swift */ = {isa = PBXFileReference; lastKnownFileType = sourcecode.swift; path = Constants.swift; sourceTree = "<group>"; };
		FABE36772844D00F002A24D6 /* SnapKit+Extensions.swift */ = {isa = PBXFileReference; lastKnownFileType = sourcecode.swift; path = "SnapKit+Extensions.swift"; sourceTree = "<group>"; };
		FABE36792844D74E002A24D6 /* TimeInterval+Extensions.swift */ = {isa = PBXFileReference; lastKnownFileType = sourcecode.swift; path = "TimeInterval+Extensions.swift"; sourceTree = "<group>"; };
		FABE367B2844D843002A24D6 /* SelectionAnimated.swift */ = {isa = PBXFileReference; lastKnownFileType = sourcecode.swift; path = SelectionAnimated.swift; sourceTree = "<group>"; };
		FABE367E2844EDDF002A24D6 /* GreetingTableViewCell.swift */ = {isa = PBXFileReference; lastKnownFileType = sourcecode.swift; path = GreetingTableViewCell.swift; sourceTree = "<group>"; };
		FABE36802844EE0D002A24D6 /* GreetingCellViewModel.swift */ = {isa = PBXFileReference; lastKnownFileType = sourcecode.swift; path = GreetingCellViewModel.swift; sourceTree = "<group>"; };
		FABE36832844F34F002A24D6 /* ComingSoonTableViewCell.swift */ = {isa = PBXFileReference; lastKnownFileType = sourcecode.swift; path = ComingSoonTableViewCell.swift; sourceTree = "<group>"; };
		FABE36852844F4AE002A24D6 /* ComingSoonCellViewModel.swift */ = {isa = PBXFileReference; lastKnownFileType = sourcecode.swift; path = ComingSoonCellViewModel.swift; sourceTree = "<group>"; };
		FAC10E58283FFB52000919D9 /* Colors.xcassets */ = {isa = PBXFileReference; lastKnownFileType = folder.assetcatalog; path = Colors.xcassets; sourceTree = "<group>"; };
		FAC10E5A283FFC2E000919D9 /* Colors.swift */ = {isa = PBXFileReference; lastKnownFileType = sourcecode.swift; path = Colors.swift; sourceTree = "<group>"; };
		FAC10E5F283FFDA3000919D9 /* Inter-Medium.ttf */ = {isa = PBXFileReference; lastKnownFileType = file; path = "Inter-Medium.ttf"; sourceTree = "<group>"; };
		FAC10E60283FFDA3000919D9 /* Inter-SemiBold.ttf */ = {isa = PBXFileReference; lastKnownFileType = file; path = "Inter-SemiBold.ttf"; sourceTree = "<group>"; };
		FAC10E61283FFDA3000919D9 /* Inter-Bold.ttf */ = {isa = PBXFileReference; lastKnownFileType = file; path = "Inter-Bold.ttf"; sourceTree = "<group>"; };
		FAC10E62283FFDA3000919D9 /* Inter-Regular.ttf */ = {isa = PBXFileReference; lastKnownFileType = file; path = "Inter-Regular.ttf"; sourceTree = "<group>"; };
/* End PBXFileReference section */

/* Begin PBXFrameworksBuildPhase section */
		FA3F7047283FCFBA00CFD7E2 /* Frameworks */ = {
			isa = PBXFrameworksBuildPhase;
			buildActionMask = 2147483647;
			files = (
				FAC10E6A283FFFB2000919D9 /* SnapKit in Frameworks */,
			);
			runOnlyForDeploymentPostprocessing = 0;
		};
/* End PBXFrameworksBuildPhase section */

/* Begin PBXGroup section */
		FA1725E02844FBDB00538BB7 /* BreathingSession */ = {
			isa = PBXGroup;
			children = (
				FA1725E12844FBEA00538BB7 /* BreathingSessionCoordinator.swift */,
				FA1725E32844FD5600538BB7 /* GetReady */,
				FA1725EA284508A100538BB7 /* Session */,
			);
			path = BreathingSession;
			sourceTree = "<group>";
		};
		FA1725E32844FD5600538BB7 /* GetReady */ = {
			isa = PBXGroup;
			children = (
				FA1725E42844FD7F00538BB7 /* BreathingSessionGetReadyView.swift */,
				FA1725E62844FDFF00538BB7 /* BreathingSessionGetReadyViewModel.swift */,
			);
			path = GetReady;
			sourceTree = "<group>";
		};
		FA1725EA284508A100538BB7 /* Session */ = {
			isa = PBXGroup;
			children = (
				FA1725EB284508BA00538BB7 /* BreathingSessionViewController.swift */,
				FA1725ED284508C300538BB7 /* BreathingSessionViewModel.swift */,
				FA48CFC0284518B50038AACA /* Views */,
			);
			path = Session;
			sourceTree = "<group>";
		};
		FA3F7041283FCFBA00CFD7E2 = {
			isa = PBXGroup;
			children = (
				FA3F704C283FCFBA00CFD7E2 /* Breathy */,
				FA3F704B283FCFBA00CFD7E2 /* Products */,
			);
			sourceTree = "<group>";
		};
		FA3F704B283FCFBA00CFD7E2 /* Products */ = {
			isa = PBXGroup;
			children = (
				FA3F704A283FCFBA00CFD7E2 /* Breathy.app */,
			);
			name = Products;
			sourceTree = "<group>";
		};
		FA3F704C283FCFBA00CFD7E2 /* Breathy */ = {
			isa = PBXGroup;
			children = (
				FA3F7065283FCFF500CFD7E2 /* AppDelegate.swift */,
				FA3F7066283FCFF500CFD7E2 /* SceneDelegate.swift */,
				FABE36532844BD08002A24D6 /* Business */,
				FA3F7067283FCFF500CFD7E2 /* Flows */,
				FA3F7061283FCFF500CFD7E2 /* Coordinator */,
				FAC10E5C283FFD4D000919D9 /* Resources */,
				FABE36742844CF93002A24D6 /* Style */,
				FABE36672844CA40002A24D6 /* Utilities */,
			);
			path = Breathy;
			sourceTree = "<group>";
		};
		FA3F7061283FCFF500CFD7E2 /* Coordinator */ = {
			isa = PBXGroup;
			children = (
				FA8DC826284537F200FCA6BD /* BaseViewController.swift */,
				FA3F7064283FCFF500CFD7E2 /* Coordinator.swift */,
				FA3F7063283FCFF500CFD7E2 /* RootCoordinator.swift */,
				FA3F7062283FCFF500CFD7E2 /* RootCoordinator+Extensions.swift */,
			);
			path = Coordinator;
			sourceTree = "<group>";
		};
		FA3F7067283FCFF500CFD7E2 /* Flows */ = {
			isa = PBXGroup;
			children = (
				FA3F7068283FCFF500CFD7E2 /* Main */,
				FA1725E02844FBDB00538BB7 /* BreathingSession */,
			);
			path = Flows;
			sourceTree = "<group>";
		};
		FA3F7068283FCFF500CFD7E2 /* Main */ = {
			isa = PBXGroup;
			children = (
				FA3F7069283FCFF500CFD7E2 /* MainCoordinator.swift */,
				FA3F706A283FCFF500CFD7E2 /* BreathingExercisesList */,
			);
			path = Main;
			sourceTree = "<group>";
		};
		FA3F706A283FCFF500CFD7E2 /* BreathingExercisesList */ = {
			isa = PBXGroup;
			children = (
				FA3F706C283FCFF500CFD7E2 /* BreathingExercisesListViewController.swift */,
				FA3F706B283FCFF500CFD7E2 /* BreathingExercisesListViewModel.swift */,
				FABE36562844BD9E002A24D6 /* Cells */,
			);
			path = BreathingExercisesList;
			sourceTree = "<group>";
		};
		FA40C44228453C1C00E2F3E8 /* Animators */ = {
			isa = PBXGroup;
			children = (
				FA40C44328453C2200E2F3E8 /* NavigationControllerFadeAnimator.swift */,
			);
			path = Animators;
			sourceTree = "<group>";
		};
		FA48CFC0284518B50038AACA /* Views */ = {
			isa = PBXGroup;
			children = (
				FA48CFC1284518C40038AACA /* BreathingAnimationStateView.swift */,
				FA48CFC3284518CC0038AACA /* BreathingSessionDurationView.swift */,
			);
			path = Views;
			sourceTree = "<group>";
		};
		FABE36532844BD08002A24D6 /* Business */ = {
			isa = PBXGroup;
			children = (
				FABE366E2844CBEE002A24D6 /* DTO */,
			);
			path = Business;
			sourceTree = "<group>";
		};
		FABE36562844BD9E002A24D6 /* Cells */ = {
			isa = PBXGroup;
			children = (
				FABE367D2844EDD6002A24D6 /* Greeting */,
				FABE36572844C590002A24D6 /* List */,
				FABE36822844F343002A24D6 /* ComingSoon */,
			);
			path = Cells;
			sourceTree = "<group>";
		};
		FABE36572844C590002A24D6 /* List */ = {
			isa = PBXGroup;
			children = (
				FABE366F2844CCF4002A24D6 /* BreathingExercisesListTableViewCell.swift */,
				FABE36712844CD40002A24D6 /* BreathingExercisesListCellViewModel.swift */,
			);
			path = List;
			sourceTree = "<group>";
		};
		FABE365B2844C6FF002A24D6 /* Generated */ = {
			isa = PBXGroup;
			children = (
				FABE36602844C724002A24D6 /* Assets+Generated.swift */,
				FABE365E2844C71E002A24D6 /* Strings+Generated.swift */,
			);
			path = Generated;
			sourceTree = "<group>";
		};
		FABE36672844CA40002A24D6 /* Utilities */ = {
			isa = PBXGroup;
			children = (
				FA40C44228453C1C00E2F3E8 /* Animators */,
				FABE366B2844CAD2002A24D6 /* Protocols */,
				FABE36682844CA47002A24D6 /* Extensions */,
				FA48CFBE284514F50038AACA /* BreathingSessionHapticEngine.swift */,
				FA1725EF28450A4200538BB7 /* Queue.swift */,
			);
			path = Utilities;
			sourceTree = "<group>";
		};
		FABE36682844CA47002A24D6 /* Extensions */ = {
			isa = PBXGroup;
			children = (
				FABE36772844D00F002A24D6 /* SnapKit+Extensions.swift */,
				FABE36792844D74E002A24D6 /* TimeInterval+Extensions.swift */,
				FA1725E82844FF8900538BB7 /* View+Extensions.swift */,
			);
			path = Extensions;
			sourceTree = "<group>";
		};
		FABE366B2844CAD2002A24D6 /* Protocols */ = {
			isa = PBXGroup;
			children = (
				FABE36732844CF86002A24D6 /* Reusable */,
				FABE367B2844D843002A24D6 /* SelectionAnimated.swift */,
			);
			path = Protocols;
			sourceTree = "<group>";
		};
		FABE366E2844CBEE002A24D6 /* DTO */ = {
			isa = PBXGroup;
			children = (
				FABE36542844BD27002A24D6 /* BreathingExerciseInfo.swift */,
			);
			path = DTO;
			sourceTree = "<group>";
		};
		FABE36732844CF86002A24D6 /* Reusable */ = {
			isa = PBXGroup;
			children = (
				FABE366C2844CADC002A24D6 /* Reusable.swift */,
				FABE36692844CA54002A24D6 /* UITableView+Reusable.swift */,
			);
			path = Reusable;
			sourceTree = "<group>";
		};
		FABE36742844CF93002A24D6 /* Style */ = {
			isa = PBXGroup;
			children = (
				FABE36752844CF9F002A24D6 /* Constants.swift */,
			);
			path = Style;
			sourceTree = "<group>";
		};
		FABE367D2844EDD6002A24D6 /* Greeting */ = {
			isa = PBXGroup;
			children = (
				FABE367E2844EDDF002A24D6 /* GreetingTableViewCell.swift */,
				FABE36802844EE0D002A24D6 /* GreetingCellViewModel.swift */,
			);
			path = Greeting;
			sourceTree = "<group>";
		};
		FABE36822844F343002A24D6 /* ComingSoon */ = {
			isa = PBXGroup;
			children = (
				FABE36832844F34F002A24D6 /* ComingSoonTableViewCell.swift */,
				FABE36852844F4AE002A24D6 /* ComingSoonCellViewModel.swift */,
			);
			path = ComingSoon;
			sourceTree = "<group>";
		};
		FAC10E5C283FFD4D000919D9 /* Resources */ = {
			isa = PBXGroup;
			children = (
				FAC10E67283FFE3D000919D9 /* Assets */,
				FAC10E5E283FFD80000919D9 /* Colors */,
				FAC10E5D283FFD51000919D9 /* Fonts */,
				FABE365B2844C6FF002A24D6 /* Generated */,
				FA3F705B283FCFBB00CFD7E2 /* Info.plist */,
				FA3F7058283FCFBB00CFD7E2 /* LaunchScreen.storyboard */,
				FABE36662844C7C8002A24D6 /* Localizable.strings */,
			);
			path = Resources;
			sourceTree = "<group>";
		};
		FAC10E5D283FFD51000919D9 /* Fonts */ = {
			isa = PBXGroup;
			children = (
				FA7D8DB02842393A00C1CD0A /* Font.swift */,
				FAC10E61283FFDA3000919D9 /* Inter-Bold.ttf */,
				FAC10E5F283FFDA3000919D9 /* Inter-Medium.ttf */,
				FAC10E62283FFDA3000919D9 /* Inter-Regular.ttf */,
				FAC10E60283FFDA3000919D9 /* Inter-SemiBold.ttf */,
			);
			path = Fonts;
			sourceTree = "<group>";
		};
		FAC10E5E283FFD80000919D9 /* Colors */ = {
			isa = PBXGroup;
			children = (
				FAC10E5A283FFC2E000919D9 /* Colors.swift */,
				FAC10E58283FFB52000919D9 /* Colors.xcassets */,
			);
			path = Colors;
			sourceTree = "<group>";
		};
		FAC10E67283FFE3D000919D9 /* Assets */ = {
			isa = PBXGroup;
			children = (
				FA3F7056283FCFBB00CFD7E2 /* Assets.xcassets */,
			);
			path = Assets;
			sourceTree = "<group>";
		};
/* End PBXGroup section */

/* Begin PBXNativeTarget section */
		FA3F7049283FCFBA00CFD7E2 /* Breathy */ = {
			isa = PBXNativeTarget;
			buildConfigurationList = FA3F705E283FCFBB00CFD7E2 /* Build configuration list for PBXNativeTarget "Breathy" */;
			buildPhases = (
				FA3F7046283FCFBA00CFD7E2 /* Sources */,
				FA3F7047283FCFBA00CFD7E2 /* Frameworks */,
				FA3F7048283FCFBA00CFD7E2 /* Resources */,
				FABE365A2844C6A8002A24D6 /* SwiftGen */,
			);
			buildRules = (
			);
			dependencies = (
			);
			name = Breathy;
			packageProductDependencies = (
				FAC10E69283FFFB2000919D9 /* SnapKit */,
			);
			productName = Breathy;
			productReference = FA3F704A283FCFBA00CFD7E2 /* Breathy.app */;
			productType = "com.apple.product-type.application";
		};
/* End PBXNativeTarget section */

/* Begin PBXProject section */
		FA3F7042283FCFBA00CFD7E2 /* Project object */ = {
			isa = PBXProject;
			attributes = {
				BuildIndependentTargetsInParallel = 1;
				LastSwiftUpdateCheck = 1340;
				LastUpgradeCheck = 1340;
				TargetAttributes = {
					FA3F7049283FCFBA00CFD7E2 = {
						CreatedOnToolsVersion = 13.4;
						LastSwiftMigration = 1340;
					};
				};
			};
			buildConfigurationList = FA3F7045283FCFBA00CFD7E2 /* Build configuration list for PBXProject "Breathy" */;
			compatibilityVersion = "Xcode 13.0";
			developmentRegion = en;
			hasScannedForEncodings = 0;
			knownRegions = (
				en,
				Base,
			);
			mainGroup = FA3F7041283FCFBA00CFD7E2;
			packageReferences = (
				FAC10E68283FFFB2000919D9 /* XCRemoteSwiftPackageReference "SnapKit" */,
			);
			productRefGroup = FA3F704B283FCFBA00CFD7E2 /* Products */;
			projectDirPath = "";
			projectRoot = "";
			targets = (
				FA3F7049283FCFBA00CFD7E2 /* Breathy */,
			);
		};
/* End PBXProject section */

/* Begin PBXResourcesBuildPhase section */
		FA3F7048283FCFBA00CFD7E2 /* Resources */ = {
			isa = PBXResourcesBuildPhase;
			buildActionMask = 2147483647;
			files = (
				FAC10E65283FFDA3000919D9 /* Inter-Bold.ttf in Resources */,
				FAC10E63283FFDA3000919D9 /* Inter-Medium.ttf in Resources */,
				FAC10E59283FFB52000919D9 /* Colors.xcassets in Resources */,
				FA3F705A283FCFBB00CFD7E2 /* LaunchScreen.storyboard in Resources */,
				FAC10E64283FFDA3000919D9 /* Inter-SemiBold.ttf in Resources */,
				FABE36642844C7C8002A24D6 /* Localizable.strings in Resources */,
				FA3F7057283FCFBB00CFD7E2 /* Assets.xcassets in Resources */,
				FAC10E66283FFDA3000919D9 /* Inter-Regular.ttf in Resources */,
			);
			runOnlyForDeploymentPostprocessing = 0;
		};
/* End PBXResourcesBuildPhase section */

/* Begin PBXShellScriptBuildPhase section */
		FABE365A2844C6A8002A24D6 /* SwiftGen */ = {
			isa = PBXShellScriptBuildPhase;
			buildActionMask = 2147483647;
			files = (
			);
			inputFileListPaths = (
			);
			inputPaths = (
			);
			name = SwiftGen;
			outputFileListPaths = (
			);
			outputPaths = (
			);
			runOnlyForDeploymentPostprocessing = 0;
			shellPath = /bin/sh;
			shellScript = "if swiftgen >/dev/null; then\n  swiftgen\nelse\n    export PATH=\"$PATH:/opt/homebrew/bin\"\n    swiftgen\nfi\n";
		};
/* End PBXShellScriptBuildPhase section */

/* Begin PBXSourcesBuildPhase section */
		FA3F7046283FCFBA00CFD7E2 /* Sources */ = {
			isa = PBXSourcesBuildPhase;
			buildActionMask = 2147483647;
			files = (
				FABE36862844F4AE002A24D6 /* ComingSoonCellViewModel.swift in Sources */,
				FA3F7072283FCFF500CFD7E2 /* SceneDelegate.swift in Sources */,
				FABE36612844C724002A24D6 /* Assets+Generated.swift in Sources */,
				FA40C44428453C2200E2F3E8 /* NavigationControllerFadeAnimator.swift in Sources */,
				FABE36702844CCF4002A24D6 /* BreathingExercisesListTableViewCell.swift in Sources */,
				FAC10E5B283FFC2E000919D9 /* Colors.swift in Sources */,
				FA8DC827284537F200FCA6BD /* BaseViewController.swift in Sources */,
				FABE365F2844C71E002A24D6 /* Strings+Generated.swift in Sources */,
				FA7D8DB12842393A00C1CD0A /* Font.swift in Sources */,
				FA1725E72844FDFF00538BB7 /* BreathingSessionGetReadyViewModel.swift in Sources */,
				FABE36722844CD40002A24D6 /* BreathingExercisesListCellViewModel.swift in Sources */,
				FA48CFBF284514F50038AACA /* BreathingSessionHapticEngine.swift in Sources */,
				FABE367A2844D74E002A24D6 /* TimeInterval+Extensions.swift in Sources */,
				FA48CFC4284518CC0038AACA /* BreathingSessionDurationView.swift in Sources */,
				FA1725EE284508C300538BB7 /* BreathingSessionViewModel.swift in Sources */,
				FA48CFC2284518C40038AACA /* BreathingAnimationStateView.swift in Sources */,
				FA1725F028450A4200538BB7 /* Queue.swift in Sources */,
				FABE367F2844EDDF002A24D6 /* GreetingTableViewCell.swift in Sources */,
				FA3F7071283FCFF500CFD7E2 /* AppDelegate.swift in Sources */,
				FABE36782844D00F002A24D6 /* SnapKit+Extensions.swift in Sources */,
				FABE366A2844CA54002A24D6 /* UITableView+Reusable.swift in Sources */,
				FA3F706F283FCFF500CFD7E2 /* RootCoordinator.swift in Sources */,
				FA1725E52844FD7F00538BB7 /* BreathingSessionGetReadyView.swift in Sources */,
				FA3F7074283FCFF500CFD7E2 /* BreathingExercisesListViewModel.swift in Sources */,
				FABE366D2844CADC002A24D6 /* Reusable.swift in Sources */,
				FA1725E22844FBEA00538BB7 /* BreathingSessionCoordinator.swift in Sources */,
				FA1725E92844FF8900538BB7 /* View+Extensions.swift in Sources */,
				FABE36842844F34F002A24D6 /* ComingSoonTableViewCell.swift in Sources */,
				FA3F7073283FCFF500CFD7E2 /* MainCoordinator.swift in Sources */,
				FA3F706E283FCFF500CFD7E2 /* RootCoordinator+Extensions.swift in Sources */,
				FA3F7070283FCFF500CFD7E2 /* Coordinator.swift in Sources */,
				FA3F7075283FCFF500CFD7E2 /* BreathingExercisesListViewController.swift in Sources */,
				FABE36552844BD27002A24D6 /* BreathingExerciseInfo.swift in Sources */,
				FA1725EC284508BA00538BB7 /* BreathingSessionViewController.swift in Sources */,
				FABE36812844EE0D002A24D6 /* GreetingCellViewModel.swift in Sources */,
				FABE36762844CF9F002A24D6 /* Constants.swift in Sources */,
				FABE367C2844D843002A24D6 /* SelectionAnimated.swift in Sources */,
			);
			runOnlyForDeploymentPostprocessing = 0;
		};
/* End PBXSourcesBuildPhase section */

/* Begin PBXVariantGroup section */
		FA3F7058283FCFBB00CFD7E2 /* LaunchScreen.storyboard */ = {
			isa = PBXVariantGroup;
			children = (
				FA3F7059283FCFBB00CFD7E2 /* Base */,
			);
			name = LaunchScreen.storyboard;
			sourceTree = "<group>";
		};
		FABE36662844C7C8002A24D6 /* Localizable.strings */ = {
			isa = PBXVariantGroup;
			children = (
				FABE36652844C7C8002A24D6 /* en */,
			);
			name = Localizable.strings;
			sourceTree = "<group>";
		};
/* End PBXVariantGroup section */

/* Begin XCBuildConfiguration section */
		FA3F705C283FCFBB00CFD7E2 /* Debug */ = {
			isa = XCBuildConfiguration;
			buildSettings = {
				ALWAYS_SEARCH_USER_PATHS = NO;
				CLANG_ANALYZER_NONNULL = YES;
				CLANG_ANALYZER_NUMBER_OBJECT_CONVERSION = YES_AGGRESSIVE;
				CLANG_CXX_LANGUAGE_STANDARD = "gnu++17";
				CLANG_ENABLE_MODULES = YES;
				CLANG_ENABLE_OBJC_ARC = YES;
				CLANG_ENABLE_OBJC_WEAK = YES;
				CLANG_WARN_BLOCK_CAPTURE_AUTORELEASING = YES;
				CLANG_WARN_BOOL_CONVERSION = YES;
				CLANG_WARN_COMMA = YES;
				CLANG_WARN_CONSTANT_CONVERSION = YES;
				CLANG_WARN_DEPRECATED_OBJC_IMPLEMENTATIONS = YES;
				CLANG_WARN_DIRECT_OBJC_ISA_USAGE = YES_ERROR;
				CLANG_WARN_DOCUMENTATION_COMMENTS = YES;
				CLANG_WARN_EMPTY_BODY = YES;
				CLANG_WARN_ENUM_CONVERSION = YES;
				CLANG_WARN_INFINITE_RECURSION = YES;
				CLANG_WARN_INT_CONVERSION = YES;
				CLANG_WARN_NON_LITERAL_NULL_CONVERSION = YES;
				CLANG_WARN_OBJC_IMPLICIT_RETAIN_SELF = YES;
				CLANG_WARN_OBJC_LITERAL_CONVERSION = YES;
				CLANG_WARN_OBJC_ROOT_CLASS = YES_ERROR;
				CLANG_WARN_QUOTED_INCLUDE_IN_FRAMEWORK_HEADER = YES;
				CLANG_WARN_RANGE_LOOP_ANALYSIS = YES;
				CLANG_WARN_STRICT_PROTOTYPES = YES;
				CLANG_WARN_SUSPICIOUS_MOVE = YES;
				CLANG_WARN_UNGUARDED_AVAILABILITY = YES_AGGRESSIVE;
				CLANG_WARN_UNREACHABLE_CODE = YES;
				CLANG_WARN__DUPLICATE_METHOD_MATCH = YES;
				COPY_PHASE_STRIP = NO;
				DEBUG_INFORMATION_FORMAT = dwarf;
				ENABLE_STRICT_OBJC_MSGSEND = YES;
				ENABLE_TESTABILITY = YES;
				GCC_C_LANGUAGE_STANDARD = gnu11;
				GCC_DYNAMIC_NO_PIC = NO;
				GCC_NO_COMMON_BLOCKS = YES;
				GCC_OPTIMIZATION_LEVEL = 0;
				GCC_PREPROCESSOR_DEFINITIONS = (
					"DEBUG=1",
					"$(inherited)",
				);
				GCC_WARN_64_TO_32_BIT_CONVERSION = YES;
				GCC_WARN_ABOUT_RETURN_TYPE = YES_ERROR;
				GCC_WARN_UNDECLARED_SELECTOR = YES;
				GCC_WARN_UNINITIALIZED_AUTOS = YES_AGGRESSIVE;
				GCC_WARN_UNUSED_FUNCTION = YES;
				GCC_WARN_UNUSED_VARIABLE = YES;
				IPHONEOS_DEPLOYMENT_TARGET = 15.5;
				MTL_ENABLE_DEBUG_INFO = INCLUDE_SOURCE;
				MTL_FAST_MATH = YES;
				ONLY_ACTIVE_ARCH = YES;
				SDKROOT = iphoneos;
				SWIFT_ACTIVE_COMPILATION_CONDITIONS = DEBUG;
				SWIFT_OPTIMIZATION_LEVEL = "-Onone";
			};
			name = Debug;
		};
		FA3F705D283FCFBB00CFD7E2 /* Release */ = {
			isa = XCBuildConfiguration;
			buildSettings = {
				ALWAYS_SEARCH_USER_PATHS = NO;
				CLANG_ANALYZER_NONNULL = YES;
				CLANG_ANALYZER_NUMBER_OBJECT_CONVERSION = YES_AGGRESSIVE;
				CLANG_CXX_LANGUAGE_STANDARD = "gnu++17";
				CLANG_ENABLE_MODULES = YES;
				CLANG_ENABLE_OBJC_ARC = YES;
				CLANG_ENABLE_OBJC_WEAK = YES;
				CLANG_WARN_BLOCK_CAPTURE_AUTORELEASING = YES;
				CLANG_WARN_BOOL_CONVERSION = YES;
				CLANG_WARN_COMMA = YES;
				CLANG_WARN_CONSTANT_CONVERSION = YES;
				CLANG_WARN_DEPRECATED_OBJC_IMPLEMENTATIONS = YES;
				CLANG_WARN_DIRECT_OBJC_ISA_USAGE = YES_ERROR;
				CLANG_WARN_DOCUMENTATION_COMMENTS = YES;
				CLANG_WARN_EMPTY_BODY = YES;
				CLANG_WARN_ENUM_CONVERSION = YES;
				CLANG_WARN_INFINITE_RECURSION = YES;
				CLANG_WARN_INT_CONVERSION = YES;
				CLANG_WARN_NON_LITERAL_NULL_CONVERSION = YES;
				CLANG_WARN_OBJC_IMPLICIT_RETAIN_SELF = YES;
				CLANG_WARN_OBJC_LITERAL_CONVERSION = YES;
				CLANG_WARN_OBJC_ROOT_CLASS = YES_ERROR;
				CLANG_WARN_QUOTED_INCLUDE_IN_FRAMEWORK_HEADER = YES;
				CLANG_WARN_RANGE_LOOP_ANALYSIS = YES;
				CLANG_WARN_STRICT_PROTOTYPES = YES;
				CLANG_WARN_SUSPICIOUS_MOVE = YES;
				CLANG_WARN_UNGUARDED_AVAILABILITY = YES_AGGRESSIVE;
				CLANG_WARN_UNREACHABLE_CODE = YES;
				CLANG_WARN__DUPLICATE_METHOD_MATCH = YES;
				COPY_PHASE_STRIP = NO;
				DEBUG_INFORMATION_FORMAT = "dwarf-with-dsym";
				ENABLE_NS_ASSERTIONS = NO;
				ENABLE_STRICT_OBJC_MSGSEND = YES;
				GCC_C_LANGUAGE_STANDARD = gnu11;
				GCC_NO_COMMON_BLOCKS = YES;
				GCC_WARN_64_TO_32_BIT_CONVERSION = YES;
				GCC_WARN_ABOUT_RETURN_TYPE = YES_ERROR;
				GCC_WARN_UNDECLARED_SELECTOR = YES;
				GCC_WARN_UNINITIALIZED_AUTOS = YES_AGGRESSIVE;
				GCC_WARN_UNUSED_FUNCTION = YES;
				GCC_WARN_UNUSED_VARIABLE = YES;
				IPHONEOS_DEPLOYMENT_TARGET = 15.5;
				MTL_ENABLE_DEBUG_INFO = NO;
				MTL_FAST_MATH = YES;
				SDKROOT = iphoneos;
				SWIFT_COMPILATION_MODE = wholemodule;
				SWIFT_OPTIMIZATION_LEVEL = "-O";
				VALIDATE_PRODUCT = YES;
			};
			name = Release;
		};
		FA3F705F283FCFBB00CFD7E2 /* Debug */ = {
			isa = XCBuildConfiguration;
			buildSettings = {
				ASSETCATALOG_COMPILER_APPICON_NAME = AppIcon;
				ASSETCATALOG_COMPILER_GLOBAL_ACCENT_COLOR_NAME = AccentColor;
				CLANG_ENABLE_MODULES = YES;
				CODE_SIGN_STYLE = Automatic;
				CURRENT_PROJECT_VERSION = 1;
				DEVELOPMENT_TEAM = JV39QXSK99;
				GENERATE_INFOPLIST_FILE = YES;
				INFOPLIST_FILE = Breathy/Resources/Info.plist;
				INFOPLIST_KEY_UIApplicationSupportsIndirectInputEvents = YES;
				INFOPLIST_KEY_UILaunchStoryboardName = LaunchScreen;
				INFOPLIST_KEY_UISupportedInterfaceOrientations_iPad = "UIInterfaceOrientationPortrait UIInterfaceOrientationPortraitUpsideDown UIInterfaceOrientationLandscapeLeft UIInterfaceOrientationLandscapeRight";
				INFOPLIST_KEY_UISupportedInterfaceOrientations_iPhone = "UIInterfaceOrientationPortrait UIInterfaceOrientationLandscapeLeft UIInterfaceOrientationLandscapeRight";
				LD_RUNPATH_SEARCH_PATHS = (
					"$(inherited)",
					"@executable_path/Frameworks",
				);
				MARKETING_VERSION = 1.0.0;
				PRODUCT_BUNDLE_IDENTIFIER = com.andreiolteanu.Breathy;
				PRODUCT_NAME = "$(TARGET_NAME)";
				SWIFT_EMIT_LOC_STRINGS = YES;
				SWIFT_OPTIMIZATION_LEVEL = "-Onone";
				SWIFT_VERSION = 5.0;
				TARGETED_DEVICE_FAMILY = "1,2";
			};
			name = Debug;
		};
		FA3F7060283FCFBB00CFD7E2 /* Release */ = {
			isa = XCBuildConfiguration;
			buildSettings = {
				ASSETCATALOG_COMPILER_APPICON_NAME = AppIcon;
				ASSETCATALOG_COMPILER_GLOBAL_ACCENT_COLOR_NAME = AccentColor;
				CLANG_ENABLE_MODULES = YES;
				CODE_SIGN_STYLE = Automatic;
				CURRENT_PROJECT_VERSION = 1;
				DEVELOPMENT_TEAM = JV39QXSK99;
				GENERATE_INFOPLIST_FILE = YES;
				INFOPLIST_FILE = Breathy/Resources/Info.plist;
				INFOPLIST_KEY_UIApplicationSupportsIndirectInputEvents = YES;
				INFOPLIST_KEY_UILaunchStoryboardName = LaunchScreen;
				INFOPLIST_KEY_UISupportedInterfaceOrientations_iPad = "UIInterfaceOrientationPortrait UIInterfaceOrientationPortraitUpsideDown UIInterfaceOrientationLandscapeLeft UIInterfaceOrientationLandscapeRight";
				INFOPLIST_KEY_UISupportedInterfaceOrientations_iPhone = "UIInterfaceOrientationPortrait UIInterfaceOrientationLandscapeLeft UIInterfaceOrientationLandscapeRight";
				LD_RUNPATH_SEARCH_PATHS = (
					"$(inherited)",
					"@executable_path/Frameworks",
				);
				MARKETING_VERSION = 1.0.0;
				PRODUCT_BUNDLE_IDENTIFIER = com.andreiolteanu.Breathy;
				PRODUCT_NAME = "$(TARGET_NAME)";
				SWIFT_EMIT_LOC_STRINGS = YES;
				SWIFT_VERSION = 5.0;
				TARGETED_DEVICE_FAMILY = "1,2";
			};
			name = Release;
		};
/* End XCBuildConfiguration section */

/* Begin XCConfigurationList section */
		FA3F7045283FCFBA00CFD7E2 /* Build configuration list for PBXProject "Breathy" */ = {
			isa = XCConfigurationList;
			buildConfigurations = (
				FA3F705C283FCFBB00CFD7E2 /* Debug */,
				FA3F705D283FCFBB00CFD7E2 /* Release */,
			);
			defaultConfigurationIsVisible = 0;
			defaultConfigurationName = Release;
		};
		FA3F705E283FCFBB00CFD7E2 /* Build configuration list for PBXNativeTarget "Breathy" */ = {
			isa = XCConfigurationList;
			buildConfigurations = (
				FA3F705F283FCFBB00CFD7E2 /* Debug */,
				FA3F7060283FCFBB00CFD7E2 /* Release */,
			);
			defaultConfigurationIsVisible = 0;
			defaultConfigurationName = Release;
		};
/* End XCConfigurationList section */

/* Begin XCRemoteSwiftPackageReference section */
		FAC10E68283FFFB2000919D9 /* XCRemoteSwiftPackageReference "SnapKit" */ = {
			isa = XCRemoteSwiftPackageReference;
			repositoryURL = "https://github.com/SnapKit/SnapKit.git";
			requirement = {
				kind = upToNextMajorVersion;
				minimumVersion = 5.0.0;
			};
		};
/* End XCRemoteSwiftPackageReference section */

/* Begin XCSwiftPackageProductDependency section */
		FAC10E69283FFFB2000919D9 /* SnapKit */ = {
			isa = XCSwiftPackageProductDependency;
			package = FAC10E68283FFFB2000919D9 /* XCRemoteSwiftPackageReference "SnapKit" */;
			productName = SnapKit;
		};
/* End XCSwiftPackageProductDependency section */
	};
	rootObject = FA3F7042283FCFBA00CFD7E2 /* Project object */;
}
