// !$*UTF8*$!
{
	archiveVersion = 1;
	classes = {
	};
	objectVersion = 55;
	objects = {

/* Begin PBXBuildFile section */
		FA3F7057283FCFBB00CFD7E2 /* Assets.xcassets in Resources */ = {isa = PBXBuildFile; fileRef = FA3F7056283FCFBB00CFD7E2 /* Assets.xcassets */; };
		FA3F705A283FCFBB00CFD7E2 /* LaunchScreen.storyboard in Resources */ = {isa = PBXBuildFile; fileRef = FA3F7058283FCFBB00CFD7E2 /* LaunchScreen.storyboard */; };
		FA3F706E283FCFF500CFD7E2 /* RootCoordinator+Extensions.swift in Sources */ = {isa = PBXBuildFile; fileRef = FA3F7062283FCFF500CFD7E2 /* RootCoordinator+Extensions.swift */; };
		FA3F706F283FCFF500CFD7E2 /* RootCoordinator.swift in Sources */ = {isa = PBXBuildFile; fileRef = FA3F7063283FCFF500CFD7E2 /* RootCoordinator.swift */; };
		FA3F7070283FCFF500CFD7E2 /* Coordinator.swift in Sources */ = {isa = PBXBuildFile; fileRef = FA3F7064283FCFF500CFD7E2 /* Coordinator.swift */; };
		FA3F7071283FCFF500CFD7E2 /* AppDelegate.swift in Sources */ = {isa = PBXBuildFile; fileRef = FA3F7065283FCFF500CFD7E2 /* AppDelegate.swift */; };
		FA3F7072283FCFF500CFD7E2 /* SceneDelegate.swift in Sources */ = {isa = PBXBuildFile; fileRef = FA3F7066283FCFF500CFD7E2 /* SceneDelegate.swift */; };
		FA3F7073283FCFF500CFD7E2 /* BreathingCoordinator.swift in Sources */ = {isa = PBXBuildFile; fileRef = FA3F7069283FCFF500CFD7E2 /* BreathingCoordinator.swift */; };
		FA3F7074283FCFF500CFD7E2 /* BreathingExercisesListViewModel.swift in Sources */ = {isa = PBXBuildFile; fileRef = FA3F706B283FCFF500CFD7E2 /* BreathingExercisesListViewModel.swift */; };
		FA3F7075283FCFF500CFD7E2 /* BreathingExercisesListViewController.swift in Sources */ = {isa = PBXBuildFile; fileRef = FA3F706C283FCFF500CFD7E2 /* BreathingExercisesListViewController.swift */; };
		FAC10E59283FFB52000919D9 /* Colors.xcassets in Resources */ = {isa = PBXBuildFile; fileRef = FAC10E58283FFB52000919D9 /* Colors.xcassets */; };
		FAC10E5B283FFC2E000919D9 /* Colors.swift in Sources */ = {isa = PBXBuildFile; fileRef = FAC10E5A283FFC2E000919D9 /* Colors.swift */; };
		FAC10E63283FFDA3000919D9 /* Inter-Medium.ttf in Resources */ = {isa = PBXBuildFile; fileRef = FAC10E5F283FFDA3000919D9 /* Inter-Medium.ttf */; };
		FAC10E64283FFDA3000919D9 /* Inter-SemiBold.ttf in Resources */ = {isa = PBXBuildFile; fileRef = FAC10E60283FFDA3000919D9 /* Inter-SemiBold.ttf */; };
		FAC10E65283FFDA3000919D9 /* Inter-Bold.ttf in Resources */ = {isa = PBXBuildFile; fileRef = FAC10E61283FFDA3000919D9 /* Inter-Bold.ttf */; };
		FAC10E66283FFDA3000919D9 /* Inter-Regular.ttf in Resources */ = {isa = PBXBuildFile; fileRef = FAC10E62283FFDA3000919D9 /* Inter-Regular.ttf */; };
		FAC10E6A283FFFB2000919D9 /* SnapKit in Frameworks */ = {isa = PBXBuildFile; productRef = FAC10E69283FFFB2000919D9 /* SnapKit */; };
/* End PBXBuildFile section */

/* Begin PBXFileReference section */
		FA3F704A283FCFBA00CFD7E2 /* Breathy.app */ = {isa = PBXFileReference; explicitFileType = wrapper.application; includeInIndex = 0; path = Breathy.app; sourceTree = BUILT_PRODUCTS_DIR; };
		FA3F7056283FCFBB00CFD7E2 /* Assets.xcassets */ = {isa = PBXFileReference; lastKnownFileType = folder.assetcatalog; path = Assets.xcassets; sourceTree = "<group>"; };
		FA3F7059283FCFBB00CFD7E2 /* Base */ = {isa = PBXFileReference; lastKnownFileType = file.storyboard; name = Base; path = Base.lproj/LaunchScreen.storyboard; sourceTree = "<group>"; };
		FA3F705B283FCFBB00CFD7E2 /* Info.plist */ = {isa = PBXFileReference; lastKnownFileType = text.plist.xml; path = Info.plist; sourceTree = "<group>"; };
		FA3F7062283FCFF500CFD7E2 /* RootCoordinator+Extensions.swift */ = {isa = PBXFileReference; fileEncoding = 4; lastKnownFileType = sourcecode.swift; path = "RootCoordinator+Extensions.swift"; sourceTree = "<group>"; };
		FA3F7063283FCFF500CFD7E2 /* RootCoordinator.swift */ = {isa = PBXFileReference; fileEncoding = 4; lastKnownFileType = sourcecode.swift; path = RootCoordinator.swift; sourceTree = "<group>"; };
		FA3F7064283FCFF500CFD7E2 /* Coordinator.swift */ = {isa = PBXFileReference; fileEncoding = 4; lastKnownFileType = sourcecode.swift; path = Coordinator.swift; sourceTree = "<group>"; };
		FA3F7065283FCFF500CFD7E2 /* AppDelegate.swift */ = {isa = PBXFileReference; fileEncoding = 4; lastKnownFileType = sourcecode.swift; path = AppDelegate.swift; sourceTree = "<group>"; };
		FA3F7066283FCFF500CFD7E2 /* SceneDelegate.swift */ = {isa = PBXFileReference; fileEncoding = 4; lastKnownFileType = sourcecode.swift; path = SceneDelegate.swift; sourceTree = "<group>"; };
		FA3F7069283FCFF500CFD7E2 /* BreathingCoordinator.swift */ = {isa = PBXFileReference; fileEncoding = 4; lastKnownFileType = sourcecode.swift; path = BreathingCoordinator.swift; sourceTree = "<group>"; };
		FA3F706B283FCFF500CFD7E2 /* BreathingExercisesListViewModel.swift */ = {isa = PBXFileReference; fileEncoding = 4; lastKnownFileType = sourcecode.swift; path = BreathingExercisesListViewModel.swift; sourceTree = "<group>"; };
		FA3F706C283FCFF500CFD7E2 /* BreathingExercisesListViewController.swift */ = {isa = PBXFileReference; fileEncoding = 4; lastKnownFileType = sourcecode.swift; path = BreathingExercisesListViewController.swift; sourceTree = "<group>"; };
		FAC10E58283FFB52000919D9 /* Colors.xcassets */ = {isa = PBXFileReference; lastKnownFileType = folder.assetcatalog; path = Colors.xcassets; sourceTree = "<group>"; };
		FAC10E5A283FFC2E000919D9 /* Colors.swift */ = {isa = PBXFileReference; lastKnownFileType = sourcecode.swift; path = Colors.swift; sourceTree = "<group>"; };
		FAC10E5F283FFDA3000919D9 /* Inter-Medium.ttf */ = {isa = PBXFileReference; lastKnownFileType = file; path = "Inter-Medium.ttf"; sourceTree = "<group>"; };
		FAC10E60283FFDA3000919D9 /* Inter-SemiBold.ttf */ = {isa = PBXFileReference; lastKnownFileType = file; path = "Inter-SemiBold.ttf"; sourceTree = "<group>"; };
		FAC10E61283FFDA3000919D9 /* Inter-Bold.ttf */ = {isa = PBXFileReference; lastKnownFileType = file; path = "Inter-Bold.ttf"; sourceTree = "<group>"; };
		FAC10E62283FFDA3000919D9 /* Inter-Regular.ttf */ = {isa = PBXFileReference; lastKnownFileType = file; path = "Inter-Regular.ttf"; sourceTree = "<group>"; };
/* End PBXFileReference section */

/* Begin PBXFrameworksBuildPhase section */
		FA3F7047283FCFBA00CFD7E2 /* Frameworks */ = {
			isa = PBXFrameworksBuildPhase;
			buildActionMask = 2147483647;
			files = (
				FAC10E6A283FFFB2000919D9 /* SnapKit in Frameworks */,
			);
			runOnlyForDeploymentPostprocessing = 0;
		};
/* End PBXFrameworksBuildPhase section */

/* Begin PBXGroup section */
		FA3F7041283FCFBA00CFD7E2 = {
			isa = PBXGroup;
			children = (
				FA3F704C283FCFBA00CFD7E2 /* Breathy */,
				FA3F704B283FCFBA00CFD7E2 /* Products */,
			);
			sourceTree = "<group>";
		};
		FA3F704B283FCFBA00CFD7E2 /* Products */ = {
			isa = PBXGroup;
			children = (
				FA3F704A283FCFBA00CFD7E2 /* Breathy.app */,
			);
			name = Products;
			sourceTree = "<group>";
		};
		FA3F704C283FCFBA00CFD7E2 /* Breathy */ = {
			isa = PBXGroup;
			children = (
				FA3F7067283FCFF500CFD7E2 /* Flows */,
				FA3F7061283FCFF500CFD7E2 /* Coordinator */,
				FAC10E5C283FFD4D000919D9 /* Resources */,
				FA3F7065283FCFF500CFD7E2 /* AppDelegate.swift */,
				FA3F7066283FCFF500CFD7E2 /* SceneDelegate.swift */,
				FA3F7058283FCFBB00CFD7E2 /* LaunchScreen.storyboard */,
				FA3F705B283FCFBB00CFD7E2 /* Info.plist */,
			);
			path = Breathy;
			sourceTree = "<group>";
		};
		FA3F7061283FCFF500CFD7E2 /* Coordinator */ = {
			isa = PBXGroup;
			children = (
				FA3F7064283FCFF500CFD7E2 /* Coordinator.swift */,
				FA3F7063283FCFF500CFD7E2 /* RootCoordinator.swift */,
				FA3F7062283FCFF500CFD7E2 /* RootCoordinator+Extensions.swift */,
			);
			path = Coordinator;
			sourceTree = "<group>";
		};
		FA3F7067283FCFF500CFD7E2 /* Flows */ = {
			isa = PBXGroup;
			children = (
				FA3F7068283FCFF500CFD7E2 /* Breathing */,
			);
			path = Flows;
			sourceTree = "<group>";
		};
		FA3F7068283FCFF500CFD7E2 /* Breathing */ = {
			isa = PBXGroup;
			children = (
				FA3F7069283FCFF500CFD7E2 /* BreathingCoordinator.swift */,
				FA3F706A283FCFF500CFD7E2 /* BreathingExercisesList */,
				FA3F706D283FCFF500CFD7E2 /* BreathingExercise */,
			);
			path = Breathing;
			sourceTree = "<group>";
		};
		FA3F706A283FCFF500CFD7E2 /* BreathingExercisesList */ = {
			isa = PBXGroup;
			children = (
				FA3F706C283FCFF500CFD7E2 /* BreathingExercisesListViewController.swift */,
				FA3F706B283FCFF500CFD7E2 /* BreathingExercisesListViewModel.swift */,
			);
			path = BreathingExercisesList;
			sourceTree = "<group>";
		};
		FA3F706D283FCFF500CFD7E2 /* BreathingExercise */ = {
			isa = PBXGroup;
			children = (
			);
			path = BreathingExercise;
			sourceTree = "<group>";
		};
		FAC10E5C283FFD4D000919D9 /* Resources */ = {
			isa = PBXGroup;
			children = (
				FAC10E67283FFE3D000919D9 /* Assets */,
				FAC10E5E283FFD80000919D9 /* Colors */,
				FAC10E5D283FFD51000919D9 /* Fonts */,
			);
			path = Resources;
			sourceTree = "<group>";
		};
		FAC10E5D283FFD51000919D9 /* Fonts */ = {
			isa = PBXGroup;
			children = (
				FAC10E61283FFDA3000919D9 /* Inter-Bold.ttf */,
				FAC10E5F283FFDA3000919D9 /* Inter-Medium.ttf */,
				FAC10E62283FFDA3000919D9 /* Inter-Regular.ttf */,
				FAC10E60283FFDA3000919D9 /* Inter-SemiBold.ttf */,
			);
			path = Fonts;
			sourceTree = "<group>";
		};
		FAC10E5E283FFD80000919D9 /* Colors */ = {
			isa = PBXGroup;
			children = (
				FAC10E5A283FFC2E000919D9 /* Colors.swift */,
				FAC10E58283FFB52000919D9 /* Colors.xcassets */,
			);
			path = Colors;
			sourceTree = "<group>";
		};
		FAC10E67283FFE3D000919D9 /* Assets */ = {
			isa = PBXGroup;
			children = (
				FA3F7056283FCFBB00CFD7E2 /* Assets.xcassets */,
			);
			path = Assets;
			sourceTree = "<group>";
		};
/* End PBXGroup section */

/* Begin PBXNativeTarget section */
		FA3F7049283FCFBA00CFD7E2 /* Breathy */ = {
			isa = PBXNativeTarget;
			buildConfigurationList = FA3F705E283FCFBB00CFD7E2 /* Build configuration list for PBXNativeTarget "Breathy" */;
			buildPhases = (
				FA3F7046283FCFBA00CFD7E2 /* Sources */,
				FA3F7047283FCFBA00CFD7E2 /* Frameworks */,
				FA3F7048283FCFBA00CFD7E2 /* Resources */,
			);
			buildRules = (
			);
			dependencies = (
			);
			name = Breathy;
			packageProductDependencies = (
				FAC10E69283FFFB2000919D9 /* SnapKit */,
			);
			productName = Breathy;
			productReference = FA3F704A283FCFBA00CFD7E2 /* Breathy.app */;
			productType = "com.apple.product-type.application";
		};
/* End PBXNativeTarget section */

/* Begin PBXProject section */
		FA3F7042283FCFBA00CFD7E2 /* Project object */ = {
			isa = PBXProject;
			attributes = {
				BuildIndependentTargetsInParallel = 1;
				LastSwiftUpdateCheck = 1340;
				LastUpgradeCheck = 1340;
				TargetAttributes = {
					FA3F7049283FCFBA00CFD7E2 = {
						CreatedOnToolsVersion = 13.4;
						LastSwiftMigration = 1340;
					};
				};
			};
			buildConfigurationList = FA3F7045283FCFBA00CFD7E2 /* Build configuration list for PBXProject "Breathy" */;
			compatibilityVersion = "Xcode 13.0";
			developmentRegion = en;
			hasScannedForEncodings = 0;
			knownRegions = (
				en,
				Base,
			);
			mainGroup = FA3F7041283FCFBA00CFD7E2;
			packageReferences = (
				FAC10E68283FFFB2000919D9 /* XCRemoteSwiftPackageReference "SnapKit" */,
			);
			productRefGroup = FA3F704B283FCFBA00CFD7E2 /* Products */;
			projectDirPath = "";
			projectRoot = "";
			targets = (
				FA3F7049283FCFBA00CFD7E2 /* Breathy */,
			);
		};
/* End PBXProject section */

/* Begin PBXResourcesBuildPhase section */
		FA3F7048283FCFBA00CFD7E2 /* Resources */ = {
			isa = PBXResourcesBuildPhase;
			buildActionMask = 2147483647;
			files = (
				FAC10E65283FFDA3000919D9 /* Inter-Bold.ttf in Resources */,
				FAC10E63283FFDA3000919D9 /* Inter-Medium.ttf in Resources */,
				FAC10E59283FFB52000919D9 /* Colors.xcassets in Resources */,
				FA3F705A283FCFBB00CFD7E2 /* LaunchScreen.storyboard in Resources */,
				FAC10E64283FFDA3000919D9 /* Inter-SemiBold.ttf in Resources */,
				FA3F7057283FCFBB00CFD7E2 /* Assets.xcassets in Resources */,
				FAC10E66283FFDA3000919D9 /* Inter-Regular.ttf in Resources */,
			);
			runOnlyForDeploymentPostprocessing = 0;
		};
/* End PBXResourcesBuildPhase section */

/* Begin PBXSourcesBuildPhase section */
		FA3F7046283FCFBA00CFD7E2 /* Sources */ = {
			isa = PBXSourcesBuildPhase;
			buildActionMask = 2147483647;
			files = (
				FA3F7072283FCFF500CFD7E2 /* SceneDelegate.swift in Sources */,
				FAC10E5B283FFC2E000919D9 /* Colors.swift in Sources */,
				FA3F7071283FCFF500CFD7E2 /* AppDelegate.swift in Sources */,
				FA3F706F283FCFF500CFD7E2 /* RootCoordinator.swift in Sources */,
				FA3F7074283FCFF500CFD7E2 /* BreathingExercisesListViewModel.swift in Sources */,
				FA3F7073283FCFF500CFD7E2 /* BreathingCoordinator.swift in Sources */,
				FA3F706E283FCFF500CFD7E2 /* RootCoordinator+Extensions.swift in Sources */,
				FA3F7070283FCFF500CFD7E2 /* Coordinator.swift in Sources */,
				FA3F7075283FCFF500CFD7E2 /* BreathingExercisesListViewController.swift in Sources */,
			);
			runOnlyForDeploymentPostprocessing = 0;
		};
/* End PBXSourcesBuildPhase section */

/* Begin PBXVariantGroup section */
		FA3F7058283FCFBB00CFD7E2 /* LaunchScreen.storyboard */ = {
			isa = PBXVariantGroup;
			children = (
				FA3F7059283FCFBB00CFD7E2 /* Base */,
			);
			name = LaunchScreen.storyboard;
			sourceTree = "<group>";
		};
/* End PBXVariantGroup section */

/* Begin XCBuildConfiguration section */
		FA3F705C283FCFBB00CFD7E2 /* Debug */ = {
			isa = XCBuildConfiguration;
			buildSettings = {
				ALWAYS_SEARCH_USER_PATHS = NO;
				CLANG_ANALYZER_NONNULL = YES;
				CLANG_ANALYZER_NUMBER_OBJECT_CONVERSION = YES_AGGRESSIVE;
				CLANG_CXX_LANGUAGE_STANDARD = "gnu++17";
				CLANG_ENABLE_MODULES = YES;
				CLANG_ENABLE_OBJC_ARC = YES;
				CLANG_ENABLE_OBJC_WEAK = YES;
				CLANG_WARN_BLOCK_CAPTURE_AUTORELEASING = YES;
				CLANG_WARN_BOOL_CONVERSION = YES;
				CLANG_WARN_COMMA = YES;
				CLANG_WARN_CONSTANT_CONVERSION = YES;
				CLANG_WARN_DEPRECATED_OBJC_IMPLEMENTATIONS = YES;
				CLANG_WARN_DIRECT_OBJC_ISA_USAGE = YES_ERROR;
				CLANG_WARN_DOCUMENTATION_COMMENTS = YES;
				CLANG_WARN_EMPTY_BODY = YES;
				CLANG_WARN_ENUM_CONVERSION = YES;
				CLANG_WARN_INFINITE_RECURSION = YES;
				CLANG_WARN_INT_CONVERSION = YES;
				CLANG_WARN_NON_LITERAL_NULL_CONVERSION = YES;
				CLANG_WARN_OBJC_IMPLICIT_RETAIN_SELF = YES;
				CLANG_WARN_OBJC_LITERAL_CONVERSION = YES;
				CLANG_WARN_OBJC_ROOT_CLASS = YES_ERROR;
				CLANG_WARN_QUOTED_INCLUDE_IN_FRAMEWORK_HEADER = YES;
				CLANG_WARN_RANGE_LOOP_ANALYSIS = YES;
				CLANG_WARN_STRICT_PROTOTYPES = YES;
				CLANG_WARN_SUSPICIOUS_MOVE = YES;
				CLANG_WARN_UNGUARDED_AVAILABILITY = YES_AGGRESSIVE;
				CLANG_WARN_UNREACHABLE_CODE = YES;
				CLANG_WARN__DUPLICATE_METHOD_MATCH = YES;
				COPY_PHASE_STRIP = NO;
				DEBUG_INFORMATION_FORMAT = dwarf;
				ENABLE_STRICT_OBJC_MSGSEND = YES;
				ENABLE_TESTABILITY = YES;
				GCC_C_LANGUAGE_STANDARD = gnu11;
				GCC_DYNAMIC_NO_PIC = NO;
				GCC_NO_COMMON_BLOCKS = YES;
				GCC_OPTIMIZATION_LEVEL = 0;
				GCC_PREPROCESSOR_DEFINITIONS = (
					"DEBUG=1",
					"$(inherited)",
				);
				GCC_WARN_64_TO_32_BIT_CONVERSION = YES;
				GCC_WARN_ABOUT_RETURN_TYPE = YES_ERROR;
				GCC_WARN_UNDECLARED_SELECTOR = YES;
				GCC_WARN_UNINITIALIZED_AUTOS = YES_AGGRESSIVE;
				GCC_WARN_UNUSED_FUNCTION = YES;
				GCC_WARN_UNUSED_VARIABLE = YES;
				IPHONEOS_DEPLOYMENT_TARGET = 15.5;
				MTL_ENABLE_DEBUG_INFO = INCLUDE_SOURCE;
				MTL_FAST_MATH = YES;
				ONLY_ACTIVE_ARCH = YES;
				SDKROOT = iphoneos;
				SWIFT_ACTIVE_COMPILATION_CONDITIONS = DEBUG;
				SWIFT_OPTIMIZATION_LEVEL = "-Onone";
			};
			name = Debug;
		};
		FA3F705D283FCFBB00CFD7E2 /* Release */ = {
			isa = XCBuildConfiguration;
			buildSettings = {
				ALWAYS_SEARCH_USER_PATHS = NO;
				CLANG_ANALYZER_NONNULL = YES;
				CLANG_ANALYZER_NUMBER_OBJECT_CONVERSION = YES_AGGRESSIVE;
				CLANG_CXX_LANGUAGE_STANDARD = "gnu++17";
				CLANG_ENABLE_MODULES = YES;
				CLANG_ENABLE_OBJC_ARC = YES;
				CLANG_ENABLE_OBJC_WEAK = YES;
				CLANG_WARN_BLOCK_CAPTURE_AUTORELEASING = YES;
				CLANG_WARN_BOOL_CONVERSION = YES;
				CLANG_WARN_COMMA = YES;
				CLANG_WARN_CONSTANT_CONVERSION = YES;
				CLANG_WARN_DEPRECATED_OBJC_IMPLEMENTATIONS = YES;
				CLANG_WARN_DIRECT_OBJC_ISA_USAGE = YES_ERROR;
				CLANG_WARN_DOCUMENTATION_COMMENTS = YES;
				CLANG_WARN_EMPTY_BODY = YES;
				CLANG_WARN_ENUM_CONVERSION = YES;
				CLANG_WARN_INFINITE_RECURSION = YES;
				CLANG_WARN_INT_CONVERSION = YES;
				CLANG_WARN_NON_LITERAL_NULL_CONVERSION = YES;
				CLANG_WARN_OBJC_IMPLICIT_RETAIN_SELF = YES;
				CLANG_WARN_OBJC_LITERAL_CONVERSION = YES;
				CLANG_WARN_OBJC_ROOT_CLASS = YES_ERROR;
				CLANG_WARN_QUOTED_INCLUDE_IN_FRAMEWORK_HEADER = YES;
				CLANG_WARN_RANGE_LOOP_ANALYSIS = YES;
				CLANG_WARN_STRICT_PROTOTYPES = YES;
				CLANG_WARN_SUSPICIOUS_MOVE = YES;
				CLANG_WARN_UNGUARDED_AVAILABILITY = YES_AGGRESSIVE;
				CLANG_WARN_UNREACHABLE_CODE = YES;
				CLANG_WARN__DUPLICATE_METHOD_MATCH = YES;
				COPY_PHASE_STRIP = NO;
				DEBUG_INFORMATION_FORMAT = "dwarf-with-dsym";
				ENABLE_NS_ASSERTIONS = NO;
				ENABLE_STRICT_OBJC_MSGSEND = YES;
				GCC_C_LANGUAGE_STANDARD = gnu11;
				GCC_NO_COMMON_BLOCKS = YES;
				GCC_WARN_64_TO_32_BIT_CONVERSION = YES;
				GCC_WARN_ABOUT_RETURN_TYPE = YES_ERROR;
				GCC_WARN_UNDECLARED_SELECTOR = YES;
				GCC_WARN_UNINITIALIZED_AUTOS = YES_AGGRESSIVE;
				GCC_WARN_UNUSED_FUNCTION = YES;
				GCC_WARN_UNUSED_VARIABLE = YES;
				IPHONEOS_DEPLOYMENT_TARGET = 15.5;
				MTL_ENABLE_DEBUG_INFO = NO;
				MTL_FAST_MATH = YES;
				SDKROOT = iphoneos;
				SWIFT_COMPILATION_MODE = wholemodule;
				SWIFT_OPTIMIZATION_LEVEL = "-O";
				VALIDATE_PRODUCT = YES;
			};
			name = Release;
		};
		FA3F705F283FCFBB00CFD7E2 /* Debug */ = {
			isa = XCBuildConfiguration;
			buildSettings = {
				ASSETCATALOG_COMPILER_APPICON_NAME = AppIcon;
				ASSETCATALOG_COMPILER_GLOBAL_ACCENT_COLOR_NAME = AccentColor;
				CLANG_ENABLE_MODULES = YES;
				CODE_SIGN_STYLE = Automatic;
				CURRENT_PROJECT_VERSION = 1;
				DEVELOPMENT_TEAM = JV39QXSK99;
				GENERATE_INFOPLIST_FILE = YES;
				INFOPLIST_FILE = Breathy/Info.plist;
				INFOPLIST_KEY_UIApplicationSupportsIndirectInputEvents = YES;
				INFOPLIST_KEY_UILaunchStoryboardName = LaunchScreen;
				INFOPLIST_KEY_UISupportedInterfaceOrientations_iPad = "UIInterfaceOrientationPortrait UIInterfaceOrientationPortraitUpsideDown UIInterfaceOrientationLandscapeLeft UIInterfaceOrientationLandscapeRight";
				INFOPLIST_KEY_UISupportedInterfaceOrientations_iPhone = "UIInterfaceOrientationPortrait UIInterfaceOrientationLandscapeLeft UIInterfaceOrientationLandscapeRight";
				LD_RUNPATH_SEARCH_PATHS = (
					"$(inherited)",
					"@executable_path/Frameworks",
				);
				MARKETING_VERSION = 1.0;
				PRODUCT_BUNDLE_IDENTIFIER = com.andreiolteanu.Breathy;
				PRODUCT_NAME = "$(TARGET_NAME)";
				SWIFT_EMIT_LOC_STRINGS = YES;
				SWIFT_OPTIMIZATION_LEVEL = "-Onone";
				SWIFT_VERSION = 5.0;
				TARGETED_DEVICE_FAMILY = "1,2";
			};
			name = Debug;
		};
		FA3F7060283FCFBB00CFD7E2 /* Release */ = {
			isa = XCBuildConfiguration;
			buildSettings = {
				ASSETCATALOG_COMPILER_APPICON_NAME = AppIcon;
				ASSETCATALOG_COMPILER_GLOBAL_ACCENT_COLOR_NAME = AccentColor;
				CLANG_ENABLE_MODULES = YES;
				CODE_SIGN_STYLE = Automatic;
				CURRENT_PROJECT_VERSION = 1;
				DEVELOPMENT_TEAM = JV39QXSK99;
				GENERATE_INFOPLIST_FILE = YES;
				INFOPLIST_FILE = Breathy/Info.plist;
				INFOPLIST_KEY_UIApplicationSupportsIndirectInputEvents = YES;
				INFOPLIST_KEY_UILaunchStoryboardName = LaunchScreen;
				INFOPLIST_KEY_UISupportedInterfaceOrientations_iPad = "UIInterfaceOrientationPortrait UIInterfaceOrientationPortraitUpsideDown UIInterfaceOrientationLandscapeLeft UIInterfaceOrientationLandscapeRight";
				INFOPLIST_KEY_UISupportedInterfaceOrientations_iPhone = "UIInterfaceOrientationPortrait UIInterfaceOrientationLandscapeLeft UIInterfaceOrientationLandscapeRight";
				LD_RUNPATH_SEARCH_PATHS = (
					"$(inherited)",
					"@executable_path/Frameworks",
				);
				MARKETING_VERSION = 1.0;
				PRODUCT_BUNDLE_IDENTIFIER = com.andreiolteanu.Breathy;
				PRODUCT_NAME = "$(TARGET_NAME)";
				SWIFT_EMIT_LOC_STRINGS = YES;
				SWIFT_VERSION = 5.0;
				TARGETED_DEVICE_FAMILY = "1,2";
			};
			name = Release;
		};
/* End XCBuildConfiguration section */

/* Begin XCConfigurationList section */
		FA3F7045283FCFBA00CFD7E2 /* Build configuration list for PBXProject "Breathy" */ = {
			isa = XCConfigurationList;
			buildConfigurations = (
				FA3F705C283FCFBB00CFD7E2 /* Debug */,
				FA3F705D283FCFBB00CFD7E2 /* Release */,
			);
			defaultConfigurationIsVisible = 0;
			defaultConfigurationName = Release;
		};
		FA3F705E283FCFBB00CFD7E2 /* Build configuration list for PBXNativeTarget "Breathy" */ = {
			isa = XCConfigurationList;
			buildConfigurations = (
				FA3F705F283FCFBB00CFD7E2 /* Debug */,
				FA3F7060283FCFBB00CFD7E2 /* Release */,
			);
			defaultConfigurationIsVisible = 0;
			defaultConfigurationName = Release;
		};
/* End XCConfigurationList section */

/* Begin XCRemoteSwiftPackageReference section */
		FAC10E68283FFFB2000919D9 /* XCRemoteSwiftPackageReference "SnapKit" */ = {
			isa = XCRemoteSwiftPackageReference;
			repositoryURL = "https://github.com/SnapKit/SnapKit.git";
			requirement = {
				kind = upToNextMajorVersion;
				minimumVersion = 5.0.0;
			};
		};
/* End XCRemoteSwiftPackageReference section */

/* Begin XCSwiftPackageProductDependency section */
		FAC10E69283FFFB2000919D9 /* SnapKit */ = {
			isa = XCSwiftPackageProductDependency;
			package = FAC10E68283FFFB2000919D9 /* XCRemoteSwiftPackageReference "SnapKit" */;
			productName = SnapKit;
		};
/* End XCSwiftPackageProductDependency section */
	};
	rootObject = FA3F7042283FCFBA00CFD7E2 /* Project object */;
}
